
Microsoft Visual Studio Solution File, Format Version 12.00
# Visual Studio Version 16
VisualStudioVersion = 16.0.28803.352
MinimumVisualStudioVersion = 10.0.40219.1
Project("{2150E333-8FDC-42A3-9474-1A3956D46DE8}") = "Solution Items", "Solution Items", "{26BA2AE3-05FD-45B2-B99B-B283F3D784D0}"
	ProjectSection(SolutionItems) = preProject
		.gitignore = .gitignore
		README.md = README.md
	EndProjectSection
EndProject
Project("{FAE04EC0-301F-11D3-BF4B-00C04F79EFBC}") = "ScheduleLib", "ScheduleLib\ScheduleLib.csproj", "{5E92396B-A67D-4CDC-B594-A4E6F5B22603}"
EndProject
Project("{FAE04EC0-301F-11D3-BF4B-00C04F79EFBC}") = "ScheduleLib_Tests", "ScheduleLib_Tests\ScheduleLib_Tests.csproj", "{9B8F6884-8165-43BE-8DF3-92A6DF23D2C9}"
EndProject
Global
	GlobalSection(SolutionConfigurationPlatforms) = preSolution
		Debug|Any CPU = Debug|Any CPU
		Debug|x86 = Debug|x86
		Release|Any CPU = Release|Any CPU
		Release|x86 = Release|x86
	EndGlobalSection
	GlobalSection(ProjectConfigurationPlatforms) = postSolution
		{649316E5-F497-4DAC-A71E-16AD55C44C57}.Debug|Any CPU.ActiveCfg = Debug|Any CPU
		{649316E5-F497-4DAC-A71E-16AD55C44C57}.Debug|Any CPU.Build.0 = Debug|Any CPU
		{649316E5-F497-4DAC-A71E-16AD55C44C57}.Debug|x86.ActiveCfg = Debug|Any CPU
		{649316E5-F497-4DAC-A71E-16AD55C44C57}.Debug|x86.Build.0 = Debug|Any CPU
		{649316E5-F497-4DAC-A71E-16AD55C44C57}.Release|Any CPU.ActiveCfg = Release|Any CPU
		{649316E5-F497-4DAC-A71E-16AD55C44C57}.Release|Any CPU.Build.0 = Release|Any CPU
		{649316E5-F497-4DAC-A71E-16AD55C44C57}.Release|x86.ActiveCfg = Release|Any CPU
		{649316E5-F497-4DAC-A71E-16AD55C44C57}.Release|x86.Build.0 = Release|Any CPU
		{9CE9228B-2DEC-485D-B67E-C8880DFE9DF7}.Debug|Any CPU.ActiveCfg = Debug|Any CPU
		{9CE9228B-2DEC-485D-B67E-C8880DFE9DF7}.Debug|Any CPU.Build.0 = Debug|Any CPU
		{9CE9228B-2DEC-485D-B67E-C8880DFE9DF7}.Debug|x86.ActiveCfg = Debug|Any CPU
		{9CE9228B-2DEC-485D-B67E-C8880DFE9DF7}.Debug|x86.Build.0 = Debug|Any CPU
		{9CE9228B-2DEC-485D-B67E-C8880DFE9DF7}.Release|Any CPU.ActiveCfg = Release|Any CPU
		{9CE9228B-2DEC-485D-B67E-C8880DFE9DF7}.Release|Any CPU.Build.0 = Release|Any CPU
		{9CE9228B-2DEC-485D-B67E-C8880DFE9DF7}.Release|x86.ActiveCfg = Release|Any CPU
		{9CE9228B-2DEC-485D-B67E-C8880DFE9DF7}.Release|x86.Build.0 = Release|Any CPU
		{2BEA5018-2F50-4FF6-9970-7C590C058382}.Debug|Any CPU.ActiveCfg = Debug|Any CPU
		{2BEA5018-2F50-4FF6-9970-7C590C058382}.Debug|Any CPU.Build.0 = Debug|Any CPU
		{2BEA5018-2F50-4FF6-9970-7C590C058382}.Debug|x86.ActiveCfg = Debug|Any CPU
		{2BEA5018-2F50-4FF6-9970-7C590C058382}.Debug|x86.Build.0 = Debug|Any CPU
		{2BEA5018-2F50-4FF6-9970-7C590C058382}.Release|Any CPU.ActiveCfg = Release|Any CPU
		{2BEA5018-2F50-4FF6-9970-7C590C058382}.Release|Any CPU.Build.0 = Release|Any CPU
		{2BEA5018-2F50-4FF6-9970-7C590C058382}.Release|x86.ActiveCfg = Release|Any CPU
		{2BEA5018-2F50-4FF6-9970-7C590C058382}.Release|x86.Build.0 = Release|Any CPU
		{CC606C19-C85F-4C7E-9F28-FFD2D13F3DB0}.Debug|Any CPU.ActiveCfg = Debug|x86
		{CC606C19-C85F-4C7E-9F28-FFD2D13F3DB0}.Debug|Any CPU.Build.0 = Debug|x86
		{CC606C19-C85F-4C7E-9F28-FFD2D13F3DB0}.Debug|x86.ActiveCfg = Debug|x86
		{CC606C19-C85F-4C7E-9F28-FFD2D13F3DB0}.Debug|x86.Build.0 = Debug|x86
		{CC606C19-C85F-4C7E-9F28-FFD2D13F3DB0}.Release|Any CPU.ActiveCfg = Release|x86
		{CC606C19-C85F-4C7E-9F28-FFD2D13F3DB0}.Release|Any CPU.Build.0 = Release|x86
		{CC606C19-C85F-4C7E-9F28-FFD2D13F3DB0}.Release|x86.ActiveCfg = Release|x86
		{CC606C19-C85F-4C7E-9F28-FFD2D13F3DB0}.Release|x86.Build.0 = Release|x86
		{8EF1416C-B82B-4164-B22E-CBC2EA01431D}.Debug|Any CPU.ActiveCfg = Debug|Any CPU
		{8EF1416C-B82B-4164-B22E-CBC2EA01431D}.Debug|Any CPU.Build.0 = Debug|Any CPU
		{8EF1416C-B82B-4164-B22E-CBC2EA01431D}.Debug|x86.ActiveCfg = Debug|Any CPU
		{8EF1416C-B82B-4164-B22E-CBC2EA01431D}.Debug|x86.Build.0 = Debug|Any CPU
		{8EF1416C-B82B-4164-B22E-CBC2EA01431D}.Release|Any CPU.ActiveCfg = Release|Any CPU
		{8EF1416C-B82B-4164-B22E-CBC2EA01431D}.Release|Any CPU.Build.0 = Release|Any CPU
		{8EF1416C-B82B-4164-B22E-CBC2EA01431D}.Release|x86.ActiveCfg = Release|Any CPU
		{8EF1416C-B82B-4164-B22E-CBC2EA01431D}.Release|x86.Build.0 = Release|Any CPU
		{5E92396B-A67D-4CDC-B594-A4E6F5B22603}.Debug|Any CPU.ActiveCfg = Debug|Any CPU
		{5E92396B-A67D-4CDC-B594-A4E6F5B22603}.Debug|Any CPU.Build.0 = Debug|Any CPU
		{5E92396B-A67D-4CDC-B594-A4E6F5B22603}.Debug|x86.ActiveCfg = Debug|Any CPU
		{5E92396B-A67D-4CDC-B594-A4E6F5B22603}.Debug|x86.Build.0 = Debug|Any CPU
		{5E92396B-A67D-4CDC-B594-A4E6F5B22603}.Release|Any CPU.ActiveCfg = Release|Any CPU
		{5E92396B-A67D-4CDC-B594-A4E6F5B22603}.Release|Any CPU.Build.0 = Release|Any CPU
		{5E92396B-A67D-4CDC-B594-A4E6F5B22603}.Release|x86.ActiveCfg = Release|Any CPU
		{5E92396B-A67D-4CDC-B594-A4E6F5B22603}.Release|x86.Build.0 = Release|Any CPU
		{9B8F6884-8165-43BE-8DF3-92A6DF23D2C9}.Debug|Any CPU.ActiveCfg = Debug|Any CPU
		{9B8F6884-8165-43BE-8DF3-92A6DF23D2C9}.Debug|Any CPU.Build.0 = Debug|Any CPU
		{9B8F6884-8165-43BE-8DF3-92A6DF23D2C9}.Debug|x86.ActiveCfg = Debug|Any CPU
		{9B8F6884-8165-43BE-8DF3-92A6DF23D2C9}.Debug|x86.Build.0 = Debug|Any CPU
		{9B8F6884-8165-43BE-8DF3-92A6DF23D2C9}.Release|Any CPU.ActiveCfg = Release|Any CPU
		{9B8F6884-8165-43BE-8DF3-92A6DF23D2C9}.Release|Any CPU.Build.0 = Release|Any CPU
		{9B8F6884-8165-43BE-8DF3-92A6DF23D2C9}.Release|x86.ActiveCfg = Release|Any CPU
		{9B8F6884-8165-43BE-8DF3-92A6DF23D2C9}.Release|x86.Build.0 = Release|Any CPU
	EndGlobalSection
	GlobalSection(SolutionProperties) = preSolution
		HideSolutionNode = FALSE
	EndGlobalSection
	GlobalSection(ExtensibilityGlobals) = postSolution
		SolutionGuid = {4C8E9B15-5892-47B4-9028-853B42AB6CD7}
	EndGlobalSection
EndGlobal
